// !$*UTF8*$!
{
	archiveVersion = 1;
	classes = {
	};
	objectVersion = 55;
	objects = {

/* Begin PBXBuildFile section */
		13652C702830BEB900B64722 /* AppDelegate.swift in Sources */ = {isa = PBXBuildFile; fileRef = 13652C6F2830BEB900B64722 /* AppDelegate.swift */; };
		13652C722830BEB900B64722 /* SceneDelegate.swift in Sources */ = {isa = PBXBuildFile; fileRef = 13652C712830BEB900B64722 /* SceneDelegate.swift */; };
		13652C742830BEB900B64722 /* ViewController.swift in Sources */ = {isa = PBXBuildFile; fileRef = 13652C732830BEB900B64722 /* ViewController.swift */; };
		13652C772830BEB900B64722 /* Main.storyboard in Resources */ = {isa = PBXBuildFile; fileRef = 13652C752830BEB900B64722 /* Main.storyboard */; };
		13652C792830BEBB00B64722 /* Assets.xcassets in Resources */ = {isa = PBXBuildFile; fileRef = 13652C782830BEBB00B64722 /* Assets.xcassets */; };
		13652C7C2830BEBB00B64722 /* LaunchScreen.storyboard in Resources */ = {isa = PBXBuildFile; fileRef = 13652C7A2830BEBB00B64722 /* LaunchScreen.storyboard */; };
		13652C842830C2B800B64722 /* CapturedImageVC.swift in Sources */ = {isa = PBXBuildFile; fileRef = 13652C832830C2B800B64722 /* CapturedImageVC.swift */; };
/* End PBXBuildFile section */

/* Begin PBXFileReference section */
		13652C6C2830BEB900B64722 /* PortraitCameraEffect.app */ = {isa = PBXFileReference; explicitFileType = wrapper.application; includeInIndex = 0; path = PortraitCameraEffect.app; sourceTree = BUILT_PRODUCTS_DIR; };
		13652C6F2830BEB900B64722 /* AppDelegate.swift */ = {isa = PBXFileReference; lastKnownFileType = sourcecode.swift; path = AppDelegate.swift; sourceTree = "<group>"; };
		13652C712830BEB900B64722 /* SceneDelegate.swift */ = {isa = PBXFileReference; lastKnownFileType = sourcecode.swift; path = SceneDelegate.swift; sourceTree = "<group>"; };
		13652C732830BEB900B64722 /* ViewController.swift */ = {isa = PBXFileReference; lastKnownFileType = sourcecode.swift; path = ViewController.swift; sourceTree = "<group>"; };
		13652C762830BEB900B64722 /* Base */ = {isa = PBXFileReference; lastKnownFileType = file.storyboard; name = Base; path = Base.lproj/Main.storyboard; sourceTree = "<group>"; };
		13652C782830BEBB00B64722 /* Assets.xcassets */ = {isa = PBXFileReference; lastKnownFileType = folder.assetcatalog; path = Assets.xcassets; sourceTree = "<group>"; };
		13652C7B2830BEBB00B64722 /* Base */ = {isa = PBXFileReference; lastKnownFileType = file.storyboard; name = Base; path = Base.lproj/LaunchScreen.storyboard; sourceTree = "<group>"; };
		13652C7D2830BEBB00B64722 /* Info.plist */ = {isa = PBXFileReference; lastKnownFileType = text.plist.xml; path = Info.plist; sourceTree = "<group>"; };
		13652C832830C2B800B64722 /* CapturedImageVC.swift */ = {isa = PBXFileReference; lastKnownFileType = sourcecode.swift; path = CapturedImageVC.swift; sourceTree = "<group>"; };
/* End PBXFileReference section */

/* Begin PBXFrameworksBuildPhase section */
		13652C692830BEB900B64722 /* Frameworks */ = {
			isa = PBXFrameworksBuildPhase;
			buildActionMask = 2147483647;
			files = (
			);
			runOnlyForDeploymentPostprocessing = 0;
		};
/* End PBXFrameworksBuildPhase section */

/* Begin PBXGroup section */
		13652C632830BEB900B64722 = {
			isa = PBXGroup;
			children = (
				13652C6E2830BEB900B64722 /* PortraitCameraEffect */,
				13652C6D2830BEB900B64722 /* Products */,
			);
			sourceTree = "<group>";
		};
		13652C6D2830BEB900B64722 /* Products */ = {
			isa = PBXGroup;
			children = (
				13652C6C2830BEB900B64722 /* PortraitCameraEffect.app */,
			);
			name = Products;
			sourceTree = "<group>";
		};
		13652C6E2830BEB900B64722 /* PortraitCameraEffect */ = {
			isa = PBXGroup;
			children = (
				13652C6F2830BEB900B64722 /* AppDelegate.swift */,
				13652C712830BEB900B64722 /* SceneDelegate.swift */,
				13652C732830BEB900B64722 /* ViewController.swift */,
				13652C832830C2B800B64722 /* CapturedImageVC.swift */,
				13652C752830BEB900B64722 /* Main.storyboard */,
				13652C782830BEBB00B64722 /* Assets.xcassets */,
				13652C7A2830BEBB00B64722 /* LaunchScreen.storyboard */,
				13652C7D2830BEBB00B64722 /* Info.plist */,
			);
			path = PortraitCameraEffect;
			sourceTree = "<group>";
		};
/* End PBXGroup section */

/* Begin PBXNativeTarget section */
		13652C6B2830BEB900B64722 /* PortraitCameraEffect */ = {
			isa = PBXNativeTarget;
			buildConfigurationList = 13652C802830BEBB00B64722 /* Build configuration list for PBXNativeTarget "PortraitCameraEffect" */;
			buildPhases = (
				13652C682830BEB900B64722 /* Sources */,
				13652C692830BEB900B64722 /* Frameworks */,
				13652C6A2830BEB900B64722 /* Resources */,
			);
			buildRules = (
			);
			dependencies = (
			);
			name = PortraitCameraEffect;
			productName = PortraitCameraEffect;
			productReference = 13652C6C2830BEB900B64722 /* PortraitCameraEffect.app */;
			productType = "com.apple.product-type.application";
		};
/* End PBXNativeTarget section */

/* Begin PBXProject section */
		13652C642830BEB900B64722 /* Project object */ = {
			isa = PBXProject;
			attributes = {
				BuildIndependentTargetsInParallel = 1;
				LastSwiftUpdateCheck = 1330;
				LastUpgradeCheck = 1330;
				TargetAttributes = {
					13652C6B2830BEB900B64722 = {
						CreatedOnToolsVersion = 13.3.1;
					};
				};
			};
			buildConfigurationList = 13652C672830BEB900B64722 /* Build configuration list for PBXProject "PortraitCameraEffect" */;
			compatibilityVersion = "Xcode 13.0";
			developmentRegion = en;
			hasScannedForEncodings = 0;
			knownRegions = (
				en,
				Base,
			);
			mainGroup = 13652C632830BEB900B64722;
			productRefGroup = 13652C6D2830BEB900B64722 /* Products */;
			projectDirPath = "";
			projectRoot = "";
			targets = (
				13652C6B2830BEB900B64722 /* PortraitCameraEffect */,
			);
		};
/* End PBXProject section */

/* Begin PBXResourcesBuildPhase section */
		13652C6A2830BEB900B64722 /* Resources */ = {
			isa = PBXResourcesBuildPhase;
			buildActionMask = 2147483647;
			files = (
				13652C7C2830BEBB00B64722 /* LaunchScreen.storyboard in Resources */,
				13652C792830BEBB00B64722 /* Assets.xcassets in Resources */,
				13652C772830BEB900B64722 /* Main.storyboard in Resources */,
			);
			runOnlyForDeploymentPostprocessing = 0;
		};
/* End PBXResourcesBuildPhase section */

/* Begin PBXSourcesBuildPhase section */
		13652C682830BEB900B64722 /* Sources */ = {
			isa = PBXSourcesBuildPhase;
			buildActionMask = 2147483647;
			files = (
				13652C842830C2B800B64722 /* CapturedImageVC.swift in Sources */,
				13652C742830BEB900B64722 /* ViewController.swift in Sources */,
				13652C702830BEB900B64722 /* AppDelegate.swift in Sources */,
				13652C722830BEB900B64722 /* SceneDelegate.swift in Sources */,
			);
			runOnlyForDeploymentPostprocessing = 0;
		};
/* End PBXSourcesBuildPhase section */

/* Begin PBXVariantGroup section */
		13652C752830BEB900B64722 /* Main.storyboard */ = {
			isa = PBXVariantGroup;
			children = (
				13652C762830BEB900B64722 /* Base */,
			);
			name = Main.storyboard;
			sourceTree = "<group>";
		};
		13652C7A2830BEBB00B64722 /* LaunchScreen.storyboard */ = {
			isa = PBXVariantGroup;
			children = (
				13652C7B2830BEBB00B64722 /* Base */,
			);
			name = LaunchScreen.storyboard;
			sourceTree = "<group>";
		};
/* End PBXVariantGroup section */

/* Begin XCBuildConfiguration section */
		13652C7E2830BEBB00B64722 /* Debug */ = {
			isa = XCBuildConfiguration;
			buildSettings = {
				ALWAYS_SEARCH_USER_PATHS = NO;
				CLANG_ANALYZER_NONNULL = YES;
				CLANG_ANALYZER_NUMBER_OBJECT_CONVERSION = YES_AGGRESSIVE;
				CLANG_CXX_LANGUAGE_STANDARD = "gnu++17";
				CLANG_ENABLE_MODULES = YES;
				CLANG_ENABLE_OBJC_ARC = YES;
				CLANG_ENABLE_OBJC_WEAK = YES;
				CLANG_WARN_BLOCK_CAPTURE_AUTORELEASING = YES;
				CLANG_WARN_BOOL_CONVERSION = YES;
				CLANG_WARN_COMMA = YES;
				CLANG_WARN_CONSTANT_CONVERSION = YES;
				CLANG_WARN_DEPRECATED_OBJC_IMPLEMENTATIONS = YES;
				CLANG_WARN_DIRECT_OBJC_ISA_USAGE = YES_ERROR;
				CLANG_WARN_DOCUMENTATION_COMMENTS = YES;
				CLANG_WARN_EMPTY_BODY = YES;
				CLANG_WARN_ENUM_CONVERSION = YES;
				CLANG_WARN_INFINITE_RECURSION = YES;
				CLANG_WARN_INT_CONVERSION = YES;
				CLANG_WARN_NON_LITERAL_NULL_CONVERSION = YES;
				CLANG_WARN_OBJC_IMPLICIT_RETAIN_SELF = YES;
				CLANG_WARN_OBJC_LITERAL_CONVERSION = YES;
				CLANG_WARN_OBJC_ROOT_CLASS = YES_ERROR;
				CLANG_WARN_QUOTED_INCLUDE_IN_FRAMEWORK_HEADER = YES;
				CLANG_WARN_RANGE_LOOP_ANALYSIS = YES;
				CLANG_WARN_STRICT_PROTOTYPES = YES;
				CLANG_WARN_SUSPICIOUS_MOVE = YES;
				CLANG_WARN_UNGUARDED_AVAILABILITY = YES_AGGRESSIVE;
				CLANG_WARN_UNREACHABLE_CODE = YES;
				CLANG_WARN__DUPLICATE_METHOD_MATCH = YES;
				COPY_PHASE_STRIP = NO;
				DEBUG_INFORMATION_FORMAT = dwarf;
				ENABLE_STRICT_OBJC_MSGSEND = YES;
				ENABLE_TESTABILITY = YES;
				GCC_C_LANGUAGE_STANDARD = gnu11;
				GCC_DYNAMIC_NO_PIC = NO;
				GCC_NO_COMMON_BLOCKS = YES;
				GCC_OPTIMIZATION_LEVEL = 0;
				GCC_PREPROCESSOR_DEFINITIONS = (
					"DEBUG=1",
					"$(inherited)",
				);
				GCC_WARN_64_TO_32_BIT_CONVERSION = YES;
				GCC_WARN_ABOUT_RETURN_TYPE = YES_ERROR;
				GCC_WARN_UNDECLARED_SELECTOR = YES;
				GCC_WARN_UNINITIALIZED_AUTOS = YES_AGGRESSIVE;
				GCC_WARN_UNUSED_FUNCTION = YES;
				GCC_WARN_UNUSED_VARIABLE = YES;
				IPHONEOS_DEPLOYMENT_TARGET = 15.4;
				MTL_ENABLE_DEBUG_INFO = INCLUDE_SOURCE;
				MTL_FAST_MATH = YES;
				ONLY_ACTIVE_ARCH = YES;
				SDKROOT = iphoneos;
				SWIFT_ACTIVE_COMPILATION_CONDITIONS = DEBUG;
				SWIFT_OPTIMIZATION_LEVEL = "-Onone";
			};
			name = Debug;
		};
		13652C7F2830BEBB00B64722 /* Release */ = {
			isa = XCBuildConfiguration;
			buildSettings = {
				ALWAYS_SEARCH_USER_PATHS = NO;
				CLANG_ANALYZER_NONNULL = YES;
				CLANG_ANALYZER_NUMBER_OBJECT_CONVERSION = YES_AGGRESSIVE;
				CLANG_CXX_LANGUAGE_STANDARD = "gnu++17";
				CLANG_ENABLE_MODULES = YES;
				CLANG_ENABLE_OBJC_ARC = YES;
				CLANG_ENABLE_OBJC_WEAK = YES;
				CLANG_WARN_BLOCK_CAPTURE_AUTORELEASING = YES;
				CLANG_WARN_BOOL_CONVERSION = YES;
				CLANG_WARN_COMMA = YES;
				CLANG_WARN_CONSTANT_CONVERSION = YES;
				CLANG_WARN_DEPRECATED_OBJC_IMPLEMENTATIONS = YES;
				CLANG_WARN_DIRECT_OBJC_ISA_USAGE = YES_ERROR;
				CLANG_WARN_DOCUMENTATION_COMMENTS = YES;
				CLANG_WARN_EMPTY_BODY = YES;
				CLANG_WARN_ENUM_CONVERSION = YES;
				CLANG_WARN_INFINITE_RECURSION = YES;
				CLANG_WARN_INT_CONVERSION = YES;
				CLANG_WARN_NON_LITERAL_NULL_CONVERSION = YES;
				CLANG_WARN_OBJC_IMPLICIT_RETAIN_SELF = YES;
				CLANG_WARN_OBJC_LITERAL_CONVERSION = YES;
				CLANG_WARN_OBJC_ROOT_CLASS = YES_ERROR;
				CLANG_WARN_QUOTED_INCLUDE_IN_FRAMEWORK_HEADER = YES;
				CLANG_WARN_RANGE_LOOP_ANALYSIS = YES;
				CLANG_WARN_STRICT_PROTOTYPES = YES;
				CLANG_WARN_SUSPICIOUS_MOVE = YES;
				CLANG_WARN_UNGUARDED_AVAILABILITY = YES_AGGRESSIVE;
				CLANG_WARN_UNREACHABLE_CODE = YES;
				CLANG_WARN__DUPLICATE_METHOD_MATCH = YES;
				COPY_PHASE_STRIP = NO;
				DEBUG_INFORMATION_FORMAT = "dwarf-with-dsym";
				ENABLE_NS_ASSERTIONS = NO;
				ENABLE_STRICT_OBJC_MSGSEND = YES;
				GCC_C_LANGUAGE_STANDARD = gnu11;
				GCC_NO_COMMON_BLOCKS = YES;
				GCC_WARN_64_TO_32_BIT_CONVERSION = YES;
				GCC_WARN_ABOUT_RETURN_TYPE = YES_ERROR;
				GCC_WARN_UNDECLARED_SELECTOR = YES;
				GCC_WARN_UNINITIALIZED_AUTOS = YES_AGGRESSIVE;
				GCC_WARN_UNUSED_FUNCTION = YES;
				GCC_WARN_UNUSED_VARIABLE = YES;
				IPHONEOS_DEPLOYMENT_TARGET = 15.4;
				MTL_ENABLE_DEBUG_INFO = NO;
				MTL_FAST_MATH = YES;
				SDKROOT = iphoneos;
				SWIFT_COMPILATION_MODE = wholemodule;
				SWIFT_OPTIMIZATION_LEVEL = "-O";
				VALIDATE_PRODUCT = YES;
			};
			name = Release;
		};
		13652C812830BEBB00B64722 /* Debug */ = {
			isa = XCBuildConfiguration;
			buildSettings = {
				ASSETCATALOG_COMPILER_APPICON_NAME = AppIcon;
				ASSETCATALOG_COMPILER_GLOBAL_ACCENT_COLOR_NAME = AccentColor;
				CODE_SIGN_STYLE = Automatic;
				CURRENT_PROJECT_VERSION = 1;
				DEVELOPMENT_TEAM = LXD3AJT6WK;
				GENERATE_INFOPLIST_FILE = YES;
				INFOPLIST_FILE = PortraitCameraEffect/Info.plist;
				INFOPLIST_KEY_NSCameraUsageDescription = "PortraitCameraEffect needs to access your camera";
				INFOPLIST_KEY_UIApplicationSupportsIndirectInputEvents = YES;
				INFOPLIST_KEY_UILaunchStoryboardName = LaunchScreen;
				INFOPLIST_KEY_UIMainStoryboardFile = Main;
				INFOPLIST_KEY_UISupportedInterfaceOrientations_iPad = "UIInterfaceOrientationPortrait UIInterfaceOrientationPortraitUpsideDown UIInterfaceOrientationLandscapeLeft UIInterfaceOrientationLandscapeRight";
				INFOPLIST_KEY_UISupportedInterfaceOrientations_iPhone = "UIInterfaceOrientationPortrait UIInterfaceOrientationLandscapeLeft UIInterfaceOrientationLandscapeRight";
				LD_RUNPATH_SEARCH_PATHS = (
					"$(inherited)",
					"@executable_path/Frameworks",
				);
				MARKETING_VERSION = 1.0;
				PRODUCT_BUNDLE_IDENTIFIER = kien.stdio.TinyToyTank;
				PRODUCT_NAME = "$(TARGET_NAME)";
				SWIFT_EMIT_LOC_STRINGS = YES;
				SWIFT_VERSION = 5.0;
				TARGETED_DEVICE_FAMILY = "1,2";
			};
			name = Debug;
		};
		13652C822830BEBB00B64722 /* Release */ = {
			isa = XCBuildConfiguration;
			buildSettings = {
				ASSETCATALOG_COMPILER_APPICON_NAME = AppIcon;
				ASSETCATALOG_COMPILER_GLOBAL_ACCENT_COLOR_NAME = AccentColor;
				CODE_SIGN_STYLE = Automatic;
				CURRENT_PROJECT_VERSION = 1;
				DEVELOPMENT_TEAM = LXD3AJT6WK;
				GENERATE_INFOPLIST_FILE = YES;
				INFOPLIST_FILE = PortraitCameraEffect/Info.plist;
				INFOPLIST_KEY_NSCameraUsageDescription = "PortraitCameraEffect needs to access your camera";
				INFOPLIST_KEY_UIApplicationSupportsIndirectInputEvents = YES;
				INFOPLIST_KEY_UILaunchStoryboardName = LaunchScreen;
				INFOPLIST_KEY_UIMainStoryboardFile = Main;
				INFOPLIST_KEY_UISupportedInterfaceOrientations_iPad = "UIInterfaceOrientationPortrait UIInterfaceOrientationPortraitUpsideDown UIInterfaceOrientationLandscapeLeft UIInterfaceOrientationLandscapeRight";
				INFOPLIST_KEY_UISupportedInterfaceOrientations_iPhone = "UIInterfaceOrientationPortrait UIInterfaceOrientationLandscapeLeft UIInterfaceOrientationLandscapeRight";
				LD_RUNPATH_SEARCH_PATHS = (
					"$(inherited)",
					"@executable_path/Frameworks",
				);
				MARKETING_VERSION = 1.0;
				PRODUCT_BUNDLE_IDENTIFIER = kien.stdio.TinyToyTank;
				PRODUCT_NAME = "$(TARGET_NAME)";
				SWIFT_EMIT_LOC_STRINGS = YES;
				SWIFT_VERSION = 5.0;
				TARGETED_DEVICE_FAMILY = "1,2";
			};
			name = Release;
		};
/* End XCBuildConfiguration section */

/* Begin XCConfigurationList section */
		13652C672830BEB900B64722 /* Build configuration list for PBXProject "PortraitCameraEffect" */ = {
			isa = XCConfigurationList;
			buildConfigurations = (
				13652C7E2830BEBB00B64722 /* Debug */,
				13652C7F2830BEBB00B64722 /* Release */,
			);
			defaultConfigurationIsVisible = 0;
			defaultConfigurationName = Release;
		};
		13652C802830BEBB00B64722 /* Build configuration list for PBXNativeTarget "PortraitCameraEffect" */ = {
			isa = XCConfigurationList;
			buildConfigurations = (
				13652C812830BEBB00B64722 /* Debug */,
				13652C822830BEBB00B64722 /* Release */,
			);
			defaultConfigurationIsVisible = 0;
			defaultConfigurationName = Release;
		};
/* End XCConfigurationList section */
	};
	rootObject = 13652C642830BEB900B64722 /* Project object */;
}
